
Microsoft Visual Studio Solution File, Format Version 10.00
# Visual Studio 2008
Project("{8BC9CEB8-8B4A-11D0-8D11-00A0C91BC942}") = "FEWarp", "FEWarp\FEWarp.vcproj", "{43D141F3-14BB-41ED-8D17-D7DC2183B739}"
EndProject
Global
	GlobalSection(SolutionConfigurationPlatforms) = preSolution
		Debug|Win32 = Debug|Win32
		Release|Win32 = Release|Win32
	EndGlobalSection
	GlobalSection(ProjectConfigurationPlatforms) = postSolution
		{43D141F3-14BB-41ED-8D17-D7DC2183B739}.Debug|Win32.ActiveCfg = Debug|Win32
		{43D141F3-14BB-41ED-8D17-D7DC2183B739}.Debug|Win32.Build.0 = Debug|Win32
		{43D141F3-14BB-41ED-8D17-D7DC2183B739}.Release|Win32.ActiveCfg = Release|Win32
		{43D141F3-14BB-41ED-8D17-D7DC2183B739}.Release|Win32.Build.0 = Release|Win32
	EndGlobalSection
	GlobalSection(SolutionProperties) = preSolution
		HideSolutionNode = FALSE
	EndGlobalSection
	GlobalSection(ExtensibilityGlobals) = postSolution
		AMDCaProjectFile = C:\Documents and Settings\Steve\My Documents\Visual Studio 2008\Projects\FEWarp\CodeAnalyst\FEWarp.caw
	EndGlobalSection
EndGlobal
